
Microsoft Visual Studio Solution File, Format Version 12.00
# Visual Studio Version 16
VisualStudioVersion = 16.0.33529.622
MinimumVisualStudioVersion = 10.0.40219.1
Project("{FAE04EC0-301F-11D3-BF4B-00C04F79EFBC}") = "StringTask", "StringTask\StringTask.csproj", "{B44D2963-27F6-43E3-B142-FB3DF8887179}"
EndProject
Global
	GlobalSection(SolutionConfigurationPlatforms) = preSolution
		Debug|Any CPU = Debug|Any CPU
		Release|Any CPU = Release|Any CPU
	EndGlobalSection
	GlobalSection(ProjectConfigurationPlatforms) = postSolution
		{B44D2963-27F6-43E3-B142-FB3DF8887179}.Debug|Any CPU.ActiveCfg = Debug|Any CPU
		{B44D2963-27F6-43E3-B142-FB3DF8887179}.Debug|Any CPU.Build.0 = Debug|Any CPU
		{B44D2963-27F6-43E3-B142-FB3DF8887179}.Release|Any CPU.ActiveCfg = Release|Any CPU
		{B44D2963-27F6-43E3-B142-FB3DF8887179}.Release|Any CPU.Build.0 = Release|Any CPU
	EndGlobalSection
	GlobalSection(SolutionProperties) = preSolution
		HideSolutionNode = FALSE
	EndGlobalSection
	GlobalSection(ExtensibilityGlobals) = postSolution
		SolutionGuid = {1C40774B-AF51-4B06-9AE1-B9A772D83555}
	EndGlobalSection
EndGlobal
