
Microsoft Visual Studio Solution File, Format Version 12.00
# Visual Studio Version 16
VisualStudioVersion = 16.0.33529.622
MinimumVisualStudioVersion = 10.0.40219.1
Project("{FAE04EC0-301F-11D3-BF4B-00C04F79EFBC}") = "WaterMelon", "WaterMelon\WaterMelon.csproj", "{D67397AF-08D8-4196-8B76-2C72F36B55EA}"
EndProject
Global
	GlobalSection(SolutionConfigurationPlatforms) = preSolution
		Debug|Any CPU = Debug|Any CPU
		Release|Any CPU = Release|Any CPU
	EndGlobalSection
	GlobalSection(ProjectConfigurationPlatforms) = postSolution
		{D67397AF-08D8-4196-8B76-2C72F36B55EA}.Debug|Any CPU.ActiveCfg = Debug|Any CPU
		{D67397AF-08D8-4196-8B76-2C72F36B55EA}.Debug|Any CPU.Build.0 = Debug|Any CPU
		{D67397AF-08D8-4196-8B76-2C72F36B55EA}.Release|Any CPU.ActiveCfg = Release|Any CPU
		{D67397AF-08D8-4196-8B76-2C72F36B55EA}.Release|Any CPU.Build.0 = Release|Any CPU
	EndGlobalSection
	GlobalSection(SolutionProperties) = preSolution
		HideSolutionNode = FALSE
	EndGlobalSection
	GlobalSection(ExtensibilityGlobals) = postSolution
		SolutionGuid = {15AC5E09-A337-4A83-A80C-3304EE1E29F7}
	EndGlobalSection
EndGlobal
